Microsoft Visual Studio Solution File, Format Version 12.00
# Visual Studio Version 17
VisualStudioVersion = 17.5.2.0
MinimumVisualStudioVersion = 10.0.40219.1
Project("{FAE04EC0-301F-11D3-BF4B-00C04F79EFBC}") = "welcome to c#", "welcome to c#.csproj", "{DDEB2DCB-BFC4-6CFF-37D8-50B01916023D}"
EndProject
Global
	GlobalSection(SolutionConfigurationPlatforms) = preSolution
		Debug|Any CPU = Debug|Any CPU
		Release|Any CPU = Release|Any CPU
	EndGlobalSection
	GlobalSection(ProjectConfigurationPlatforms) = postSolution
		{DDEB2DCB-BFC4-6CFF-37D8-50B01916023D}.Debug|Any CPU.ActiveCfg = Debug|Any CPU
		{DDEB2DCB-BFC4-6CFF-37D8-50B01916023D}.Debug|Any CPU.Build.0 = Debug|Any CPU
		{DDEB2DCB-BFC4-6CFF-37D8-50B01916023D}.Release|Any CPU.ActiveCfg = Release|Any CPU
		{DDEB2DCB-BFC4-6CFF-37D8-50B01916023D}.Release|Any CPU.Build.0 = Release|Any CPU
	EndGlobalSection
	GlobalSection(SolutionProperties) = preSolution
		HideSolutionNode = FALSE
	EndGlobalSection
	GlobalSection(ExtensibilityGlobals) = postSolution
		SolutionGuid = {463DC389-5997-4CF9-AB58-97A46C4B04B5}
	EndGlobalSection
EndGlobal
